
Microsoft Visual Studio Solution File, Format Version 12.00
# Visual Studio 15
VisualStudioVersion = 15.0.27130.2003
MinimumVisualStudioVersion = 10.0.40219.1
Project("{9A19103F-16F7-4668-BE54-9A1E7A4F7556}") = "Lykke.Service.MatchingEngine.Contracts", "src\Lykke.Service.MatchingEngine.Contracts\Lykke.Service.MatchingEngine.Contracts.csproj", "{EEAF8F18-7500-4186-8C20-22516E709C22}"
EndProject
Global
	GlobalSection(SolutionConfigurationPlatforms) = preSolution
		Debug|Any CPU = Debug|Any CPU
		Release|Any CPU = Release|Any CPU
	EndGlobalSection
	GlobalSection(ProjectConfigurationPlatforms) = postSolution
		{EEAF8F18-7500-4186-8C20-22516E709C22}.Debug|Any CPU.ActiveCfg = Debug|Any CPU
		{EEAF8F18-7500-4186-8C20-22516E709C22}.Debug|Any CPU.Build.0 = Debug|Any CPU
		{EEAF8F18-7500-4186-8C20-22516E709C22}.Release|Any CPU.ActiveCfg = Release|Any CPU
		{EEAF8F18-7500-4186-8C20-22516E709C22}.Release|Any CPU.Build.0 = Release|Any CPU
	EndGlobalSection
	GlobalSection(SolutionProperties) = preSolution
		HideSolutionNode = FALSE
	EndGlobalSection
	GlobalSection(ExtensibilityGlobals) = postSolution
		SolutionGuid = {5D14FBAB-3EC6-4ADB-AC80-14EF38496750}
	EndGlobalSection
EndGlobal
